
Microsoft Visual Studio Solution File, Format Version 12.00
# Visual Studio Version 17
VisualStudioVersion = 17.13.35931.197 d17.13
MinimumVisualStudioVersion = 10.0.40219.1
Project("{FAE04EC0-301F-11D3-BF4B-00C04F79EFBC}") = "screenShadow", "screenShadow.csproj", "{66C90FEC-4128-4742-A4FE-6B3894296559}"
EndProject
Global
	GlobalSection(SolutionConfigurationPlatforms) = preSolution
		Debug|Any CPU = Debug|Any CPU
		Release|Any CPU = Release|Any CPU
	EndGlobalSection
	GlobalSection(ProjectConfigurationPlatforms) = postSolution
		{66C90FEC-4128-4742-A4FE-6B3894296559}.Debug|Any CPU.ActiveCfg = Debug|Any CPU
		{66C90FEC-4128-4742-A4FE-6B3894296559}.Debug|Any CPU.Build.0 = Debug|Any CPU
		{66C90FEC-4128-4742-A4FE-6B3894296559}.Release|Any CPU.ActiveCfg = Release|Any CPU
		{66C90FEC-4128-4742-A4FE-6B3894296559}.Release|Any CPU.Build.0 = Release|Any CPU
	EndGlobalSection
	GlobalSection(SolutionProperties) = preSolution
		HideSolutionNode = FALSE
	EndGlobalSection
	GlobalSection(ExtensibilityGlobals) = postSolution
		SolutionGuid = {258822C0-D28B-4CBD-A613-3519402039EF}
	EndGlobalSection
EndGlobal
